// !$*UTF8*$!
{
	archiveVersion = 1;
	classes = {
	};
	objectVersion = 50;
	objects = {

/* Begin PBXBuildFile section */
		AD2603742223DB9C00C1BAF7 /* AppDelegate.swift in Sources */ = {isa = PBXBuildFile; fileRef = AD2603732223DB9C00C1BAF7 /* AppDelegate.swift */; };
		AD2603762223DB9C00C1BAF7 /* art.scnassets in Resources */ = {isa = PBXBuildFile; fileRef = AD2603752223DB9C00C1BAF7 /* art.scnassets */; };
		AD2603782223DB9C00C1BAF7 /* ViewController.swift in Sources */ = {isa = PBXBuildFile; fileRef = AD2603772223DB9C00C1BAF7 /* ViewController.swift */; };
		AD26037B2223DB9C00C1BAF7 /* Main.storyboard in Resources */ = {isa = PBXBuildFile; fileRef = AD2603792223DB9C00C1BAF7 /* Main.storyboard */; };
		AD26037D2223DB9D00C1BAF7 /* Assets.xcassets in Resources */ = {isa = PBXBuildFile; fileRef = AD26037C2223DB9D00C1BAF7 /* Assets.xcassets */; };
		AD2603802223DB9D00C1BAF7 /* LaunchScreen.storyboard in Resources */ = {isa = PBXBuildFile; fileRef = AD26037E2223DB9D00C1BAF7 /* LaunchScreen.storyboard */; };
/* End PBXBuildFile section */

/* Begin PBXFileReference section */
		AD2603702223DB9C00C1BAF7 /* MyFirstArrApp.app */ = {isa = PBXFileReference; explicitFileType = wrapper.application; includeInIndex = 0; path = MyFirstArrApp.app; sourceTree = BUILT_PRODUCTS_DIR; };
		AD2603732223DB9C00C1BAF7 /* AppDelegate.swift */ = {isa = PBXFileReference; lastKnownFileType = sourcecode.swift; path = AppDelegate.swift; sourceTree = "<group>"; };
		AD2603752223DB9C00C1BAF7 /* art.scnassets */ = {isa = PBXFileReference; lastKnownFileType = wrapper.scnassets; path = art.scnassets; sourceTree = "<group>"; };
		AD2603772223DB9C00C1BAF7 /* ViewController.swift */ = {isa = PBXFileReference; lastKnownFileType = sourcecode.swift; path = ViewController.swift; sourceTree = "<group>"; };
		AD26037A2223DB9C00C1BAF7 /* Base */ = {isa = PBXFileReference; lastKnownFileType = file.storyboard; name = Base; path = Base.lproj/Main.storyboard; sourceTree = "<group>"; };
		AD26037C2223DB9D00C1BAF7 /* Assets.xcassets */ = {isa = PBXFileReference; lastKnownFileType = folder.assetcatalog; path = Assets.xcassets; sourceTree = "<group>"; };
		AD26037F2223DB9D00C1BAF7 /* Base */ = {isa = PBXFileReference; lastKnownFileType = file.storyboard; name = Base; path = Base.lproj/LaunchScreen.storyboard; sourceTree = "<group>"; };
		AD2603812223DB9D00C1BAF7 /* Info.plist */ = {isa = PBXFileReference; lastKnownFileType = text.plist.xml; path = Info.plist; sourceTree = "<group>"; };
/* End PBXFileReference section */

/* Begin PBXFrameworksBuildPhase section */
		AD26036D2223DB9C00C1BAF7 /* Frameworks */ = {
			isa = PBXFrameworksBuildPhase;
			buildActionMask = 2147483647;
			files = (
			);
			runOnlyForDeploymentPostprocessing = 0;
		};
/* End PBXFrameworksBuildPhase section */

/* Begin PBXGroup section */
		AD2603672223DB9C00C1BAF7 = {
			isa = PBXGroup;
			children = (
				AD2603722223DB9C00C1BAF7 /* MyFirstArrApp */,
				AD2603712223DB9C00C1BAF7 /* Products */,
			);
			sourceTree = "<group>";
		};
		AD2603712223DB9C00C1BAF7 /* Products */ = {
			isa = PBXGroup;
			children = (
				AD2603702223DB9C00C1BAF7 /* MyFirstArrApp.app */,
			);
			name = Products;
			sourceTree = "<group>";
		};
		AD2603722223DB9C00C1BAF7 /* MyFirstArrApp */ = {
			isa = PBXGroup;
			children = (
				AD2603732223DB9C00C1BAF7 /* AppDelegate.swift */,
				AD2603752223DB9C00C1BAF7 /* art.scnassets */,
				AD2603772223DB9C00C1BAF7 /* ViewController.swift */,
				AD2603792223DB9C00C1BAF7 /* Main.storyboard */,
				AD26037C2223DB9D00C1BAF7 /* Assets.xcassets */,
				AD26037E2223DB9D00C1BAF7 /* LaunchScreen.storyboard */,
				AD2603812223DB9D00C1BAF7 /* Info.plist */,
			);
			path = MyFirstArrApp;
			sourceTree = "<group>";
		};
/* End PBXGroup section */

/* Begin PBXNativeTarget section */
		AD26036F2223DB9C00C1BAF7 /* MyFirstArrApp */ = {
			isa = PBXNativeTarget;
			buildConfigurationList = AD2603842223DB9D00C1BAF7 /* Build configuration list for PBXNativeTarget "MyFirstArrApp" */;
			buildPhases = (
				AD26036C2223DB9C00C1BAF7 /* Sources */,
				AD26036D2223DB9C00C1BAF7 /* Frameworks */,
				AD26036E2223DB9C00C1BAF7 /* Resources */,
			);
			buildRules = (
			);
			dependencies = (
			);
			name = MyFirstArrApp;
			productName = MyFirstArrApp;
			productReference = AD2603702223DB9C00C1BAF7 /* MyFirstArrApp.app */;
			productType = "com.apple.product-type.application";
		};
/* End PBXNativeTarget section */

/* Begin PBXProject section */
		AD2603682223DB9C00C1BAF7 /* Project object */ = {
			isa = PBXProject;
			attributes = {
				LastSwiftUpdateCheck = 1010;
				LastUpgradeCheck = 1010;
				ORGANIZATIONNAME = "Anton Savinov";
				TargetAttributes = {
					AD26036F2223DB9C00C1BAF7 = {
						CreatedOnToolsVersion = 10.1;
					};
				};
			};
			buildConfigurationList = AD26036B2223DB9C00C1BAF7 /* Build configuration list for PBXProject "MyFirstArrApp" */;
			compatibilityVersion = "Xcode 9.3";
			developmentRegion = en;
			hasScannedForEncodings = 0;
			knownRegions = (
				en,
				Base,
			);
			mainGroup = AD2603672223DB9C00C1BAF7;
			productRefGroup = AD2603712223DB9C00C1BAF7 /* Products */;
			projectDirPath = "";
			projectRoot = "";
			targets = (
				AD26036F2223DB9C00C1BAF7 /* MyFirstArrApp */,
			);
		};
/* End PBXProject section */

/* Begin PBXResourcesBuildPhase section */
		AD26036E2223DB9C00C1BAF7 /* Resources */ = {
			isa = PBXResourcesBuildPhase;
			buildActionMask = 2147483647;
			files = (
				AD2603762223DB9C00C1BAF7 /* art.scnassets in Resources */,
				AD2603802223DB9D00C1BAF7 /* LaunchScreen.storyboard in Resources */,
				AD26037D2223DB9D00C1BAF7 /* Assets.xcassets in Resources */,
				AD26037B2223DB9C00C1BAF7 /* Main.storyboard in Resources */,
			);
			runOnlyForDeploymentPostprocessing = 0;
		};
/* End PBXResourcesBuildPhase section */

/* Begin PBXSourcesBuildPhase section */
		AD26036C2223DB9C00C1BAF7 /* Sources */ = {
			isa = PBXSourcesBuildPhase;
			buildActionMask = 2147483647;
			files = (
				AD2603782223DB9C00C1BAF7 /* ViewController.swift in Sources */,
				AD2603742223DB9C00C1BAF7 /* AppDelegate.swift in Sources */,
			);
			runOnlyForDeploymentPostprocessing = 0;
		};
/* End PBXSourcesBuildPhase section */

/* Begin PBXVariantGroup section */
		AD2603792223DB9C00C1BAF7 /* Main.storyboard */ = {
			isa = PBXVariantGroup;
			children = (
				AD26037A2223DB9C00C1BAF7 /* Base */,
			);
			name = Main.storyboard;
			sourceTree = "<group>";
		};
		AD26037E2223DB9D00C1BAF7 /* LaunchScreen.storyboard */ = {
			isa = PBXVariantGroup;
			children = (
				AD26037F2223DB9D00C1BAF7 /* Base */,
			);
			name = LaunchScreen.storyboard;
			sourceTree = "<group>";
		};
/* End PBXVariantGroup section */

/* Begin XCBuildConfiguration section */
		AD2603822223DB9D00C1BAF7 /* Debug */ = {
			isa = XCBuildConfiguration;
			buildSettings = {
				ALWAYS_SEARCH_USER_PATHS = NO;
				CLANG_ANALYZER_NONNULL = YES;
				CLANG_ANALYZER_NUMBER_OBJECT_CONVERSION = YES_AGGRESSIVE;
				CLANG_CXX_LANGUAGE_STANDARD = "gnu++14";
				CLANG_CXX_LIBRARY = "libc++";
				CLANG_ENABLE_MODULES = YES;
				CLANG_ENABLE_OBJC_ARC = YES;
				CLANG_ENABLE_OBJC_WEAK = YES;
				CLANG_WARN_BLOCK_CAPTURE_AUTORELEASING = YES;
				CLANG_WARN_BOOL_CONVERSION = YES;
				CLANG_WARN_COMMA = YES;
				CLANG_WARN_CONSTANT_CONVERSION = YES;
				CLANG_WARN_DEPRECATED_OBJC_IMPLEMENTATIONS = YES;
				CLANG_WARN_DIRECT_OBJC_ISA_USAGE = YES_ERROR;
				CLANG_WARN_DOCUMENTATION_COMMENTS = YES;
				CLANG_WARN_EMPTY_BODY = YES;
				CLANG_WARN_ENUM_CONVERSION = YES;
				CLANG_WARN_INFINITE_RECURSION = YES;
				CLANG_WARN_INT_CONVERSION = YES;
				CLANG_WARN_NON_LITERAL_NULL_CONVERSION = YES;
				CLANG_WARN_OBJC_IMPLICIT_RETAIN_SELF = YES;
				CLANG_WARN_OBJC_LITERAL_CONVERSION = YES;
				CLANG_WARN_OBJC_ROOT_CLASS = YES_ERROR;
				CLANG_WARN_RANGE_LOOP_ANALYSIS = YES;
				CLANG_WARN_STRICT_PROTOTYPES = YES;
				CLANG_WARN_SUSPICIOUS_MOVE = YES;
				CLANG_WARN_UNGUARDED_AVAILABILITY = YES_AGGRESSIVE;
				CLANG_WARN_UNREACHABLE_CODE = YES;
				CLANG_WARN__DUPLICATE_METHOD_MATCH = YES;
				CODE_SIGN_IDENTITY = "iPhone Developer";
				COPY_PHASE_STRIP = NO;
				DEBUG_INFORMATION_FORMAT = dwarf;
				ENABLE_STRICT_OBJC_MSGSEND = YES;
				ENABLE_TESTABILITY = YES;
				GCC_C_LANGUAGE_STANDARD = gnu11;
				GCC_DYNAMIC_NO_PIC = NO;
				GCC_NO_COMMON_BLOCKS = YES;
				GCC_OPTIMIZATION_LEVEL = 0;
				GCC_PREPROCESSOR_DEFINITIONS = (
					"DEBUG=1",
					"$(inherited)",
				);
				GCC_WARN_64_TO_32_BIT_CONVERSION = YES;
				GCC_WARN_ABOUT_RETURN_TYPE = YES_ERROR;
				GCC_WARN_UNDECLARED_SELECTOR = YES;
				GCC_WARN_UNINITIALIZED_AUTOS = YES_AGGRESSIVE;
				GCC_WARN_UNUSED_FUNCTION = YES;
				GCC_WARN_UNUSED_VARIABLE = YES;
				IPHONEOS_DEPLOYMENT_TARGET = 12.1;
				MTL_ENABLE_DEBUG_INFO = INCLUDE_SOURCE;
				MTL_FAST_MATH = YES;
				ONLY_ACTIVE_ARCH = YES;
				SDKROOT = iphoneos;
				SWIFT_ACTIVE_COMPILATION_CONDITIONS = DEBUG;
				SWIFT_OPTIMIZATION_LEVEL = "-Onone";
			};
			name = Debug;
		};
		AD2603832223DB9D00C1BAF7 /* Release */ = {
			isa = XCBuildConfiguration;
			buildSettings = {
				ALWAYS_SEARCH_USER_PATHS = NO;
				CLANG_ANALYZER_NONNULL = YES;
				CLANG_ANALYZER_NUMBER_OBJECT_CONVERSION = YES_AGGRESSIVE;
				CLANG_CXX_LANGUAGE_STANDARD = "gnu++14";
				CLANG_CXX_LIBRARY = "libc++";
				CLANG_ENABLE_MODULES = YES;
				CLANG_ENABLE_OBJC_ARC = YES;
				CLANG_ENABLE_OBJC_WEAK = YES;
				CLANG_WARN_BLOCK_CAPTURE_AUTORELEASING = YES;
				CLANG_WARN_BOOL_CONVERSION = YES;
				CLANG_WARN_COMMA = YES;
				CLANG_WARN_CONSTANT_CONVERSION = YES;
				CLANG_WARN_DEPRECATED_OBJC_IMPLEMENTATIONS = YES;
				CLANG_WARN_DIRECT_OBJC_ISA_USAGE = YES_ERROR;
				CLANG_WARN_DOCUMENTATION_COMMENTS = YES;
				CLANG_WARN_EMPTY_BODY = YES;
				CLANG_WARN_ENUM_CONVERSION = YES;
				CLANG_WARN_INFINITE_RECURSION = YES;
				CLANG_WARN_INT_CONVERSION = YES;
				CLANG_WARN_NON_LITERAL_NULL_CONVERSION = YES;
				CLANG_WARN_OBJC_IMPLICIT_RETAIN_SELF = YES;
				CLANG_WARN_OBJC_LITERAL_CONVERSION = YES;
				CLANG_WARN_OBJC_ROOT_CLASS = YES_ERROR;
				CLANG_WARN_RANGE_LOOP_ANALYSIS = YES;
				CLANG_WARN_STRICT_PROTOTYPES = YES;
				CLANG_WARN_SUSPICIOUS_MOVE = YES;
				CLANG_WARN_UNGUARDED_AVAILABILITY = YES_AGGRESSIVE;
				CLANG_WARN_UNREACHABLE_CODE = YES;
				CLANG_WARN__DUPLICATE_METHOD_MATCH = YES;
				CODE_SIGN_IDENTITY = "iPhone Developer";
				COPY_PHASE_STRIP = NO;
				DEBUG_INFORMATION_FORMAT = "dwarf-with-dsym";
				ENABLE_NS_ASSERTIONS = NO;
				ENABLE_STRICT_OBJC_MSGSEND = YES;
				GCC_C_LANGUAGE_STANDARD = gnu11;
				GCC_NO_COMMON_BLOCKS = YES;
				GCC_WARN_64_TO_32_BIT_CONVERSION = YES;
				GCC_WARN_ABOUT_RETURN_TYPE = YES_ERROR;
				GCC_WARN_UNDECLARED_SELECTOR = YES;
				GCC_WARN_UNINITIALIZED_AUTOS = YES_AGGRESSIVE;
				GCC_WARN_UNUSED_FUNCTION = YES;
				GCC_WARN_UNUSED_VARIABLE = YES;
				IPHONEOS_DEPLOYMENT_TARGET = 12.1;
				MTL_ENABLE_DEBUG_INFO = NO;
				MTL_FAST_MATH = YES;
				SDKROOT = iphoneos;
				SWIFT_COMPILATION_MODE = wholemodule;
				SWIFT_OPTIMIZATION_LEVEL = "-O";
				VALIDATE_PRODUCT = YES;
			};
			name = Release;
		};
		AD2603852223DB9D00C1BAF7 /* Debug */ = {
			isa = XCBuildConfiguration;
			buildSettings = {
				ASSETCATALOG_COMPILER_APPICON_NAME = AppIcon;
				CODE_SIGN_STYLE = Automatic;
				DEVELOPMENT_TEAM = NUB4D67MUX;
				INFOPLIST_FILE = MyFirstArrApp/Info.plist;
				IPHONEOS_DEPLOYMENT_TARGET = 11.0;
				LD_RUNPATH_SEARCH_PATHS = (
					"$(inherited)",
					"@executable_path/Frameworks",
				);
				PRODUCT_BUNDLE_IDENTIFIER = "Anton-Savinov.MyFirstArrApp";
				PRODUCT_NAME = "$(TARGET_NAME)";
				SWIFT_VERSION = 4.2;
				TARGETED_DEVICE_FAMILY = "1,2";
			};
			name = Debug;
		};
		AD2603862223DB9D00C1BAF7 /* Release */ = {
			isa = XCBuildConfiguration;
			buildSettings = {
				ASSETCATALOG_COMPILER_APPICON_NAME = AppIcon;
				CODE_SIGN_STYLE = Automatic;
				DEVELOPMENT_TEAM = NUB4D67MUX;
				INFOPLIST_FILE = MyFirstArrApp/Info.plist;
				IPHONEOS_DEPLOYMENT_TARGET = 11.0;
				LD_RUNPATH_SEARCH_PATHS = (
					"$(inherited)",
					"@executable_path/Frameworks",
				);
				PRODUCT_BUNDLE_IDENTIFIER = "Anton-Savinov.MyFirstArrApp";
				PRODUCT_NAME = "$(TARGET_NAME)";
				SWIFT_VERSION = 4.2;
				TARGETED_DEVICE_FAMILY = "1,2";
			};
			name = Release;
		};
/* End XCBuildConfiguration section */

/* Begin XCConfigurationList section */
		AD26036B2223DB9C00C1BAF7 /* Build configuration list for PBXProject "MyFirstArrApp" */ = {
			isa = XCConfigurationList;
			buildConfigurations = (
				AD2603822223DB9D00C1BAF7 /* Debug */,
				AD2603832223DB9D00C1BAF7 /* Release */,
			);
			defaultConfigurationIsVisible = 0;
			defaultConfigurationName = Release;
		};
		AD2603842223DB9D00C1BAF7 /* Build configuration list for PBXNativeTarget "MyFirstArrApp" */ = {
			isa = XCConfigurationList;
			buildConfigurations = (
				AD2603852223DB9D00C1BAF7 /* Debug */,
				AD2603862223DB9D00C1BAF7 /* Release */,
			);
			defaultConfigurationIsVisible = 0;
			defaultConfigurationName = Release;
		};
/* End XCConfigurationList section */
	};
	rootObject = AD2603682223DB9C00C1BAF7 /* Project object */;
}
